<Solution>
  <Project Path="Bloomdrawn.Tests.EditMode.csproj" />
  <Project Path="Bloomdrawn.Content.csproj" />
  <Project Path="Bloomdrawn.Editor.csproj" />
  <Project Path="Bloomdrawn.Engine.csproj" />
  <Project Path="Bloomdrawn.Tests.PlayMode.csproj" />
  <Project Path="Bloomdrawn.Presentation.csproj" />
  <Project Path="Bloomdrawn.Application.csproj" />
</Solution>
